
Microsoft Visual Studio Solution File, Format Version 12.00
# Visual Studio 15
VisualStudioVersion = 15.0.26430.16
MinimumVisualStudioVersion = 10.0.40219.1
Project("{FAE04EC0-301F-11D3-BF4B-00C04F79EFBC}") = "LightingSystemUI", "LightingSystemUI\LightingSystemUI.csproj", "{9D516B54-4578-4D0A-9897-6522FDA8638E}"
EndProject
Project("{FAE04EC0-301F-11D3-BF4B-00C04F79EFBC}") = "LightTest", "LightTest\LightTest\LightTest.csproj", "{7BE630F5-7E04-47A1-BF14-CF46D2C0CB04}"
EndProject
Project("{FAE04EC0-301F-11D3-BF4B-00C04F79EFBC}") = "Conduit", "Conduit\Conduit.csproj", "{1CF210A5-8153-41EA-BECF-E2FE150D213A}"
EndProject
Global
	GlobalSection(SolutionConfigurationPlatforms) = preSolution
		Debug|Any CPU = Debug|Any CPU
		Release|Any CPU = Release|Any CPU
	EndGlobalSection
	GlobalSection(ProjectConfigurationPlatforms) = postSolution
		{9D516B54-4578-4D0A-9897-6522FDA8638E}.Debug|Any CPU.ActiveCfg = Debug|Any CPU
		{9D516B54-4578-4D0A-9897-6522FDA8638E}.Debug|Any CPU.Build.0 = Debug|Any CPU
		{9D516B54-4578-4D0A-9897-6522FDA8638E}.Release|Any CPU.ActiveCfg = Release|Any CPU
		{9D516B54-4578-4D0A-9897-6522FDA8638E}.Release|Any CPU.Build.0 = Release|Any CPU
		{7BE630F5-7E04-47A1-BF14-CF46D2C0CB04}.Debug|Any CPU.ActiveCfg = Debug|Any CPU
		{7BE630F5-7E04-47A1-BF14-CF46D2C0CB04}.Debug|Any CPU.Build.0 = Debug|Any CPU
		{7BE630F5-7E04-47A1-BF14-CF46D2C0CB04}.Release|Any CPU.ActiveCfg = Release|Any CPU
		{7BE630F5-7E04-47A1-BF14-CF46D2C0CB04}.Release|Any CPU.Build.0 = Release|Any CPU
		{1CF210A5-8153-41EA-BECF-E2FE150D213A}.Debug|Any CPU.ActiveCfg = Debug|Any CPU
		{1CF210A5-8153-41EA-BECF-E2FE150D213A}.Debug|Any CPU.Build.0 = Debug|Any CPU
		{1CF210A5-8153-41EA-BECF-E2FE150D213A}.Release|Any CPU.ActiveCfg = Release|Any CPU
		{1CF210A5-8153-41EA-BECF-E2FE150D213A}.Release|Any CPU.Build.0 = Release|Any CPU
	EndGlobalSection
	GlobalSection(SolutionProperties) = preSolution
		HideSolutionNode = FALSE
	EndGlobalSection
EndGlobal
